Microsoft Visual Studio Solution File, Format Version 12.00
# Visual Studio 15
VisualStudioVersion = 15.0.28307.168
MinimumVisualStudioVersion = 15.0.26124.0
Project("{9A19103F-16F7-4668-BE54-9A1E7A4F7556}") = "SparkyTestHelpers", "SparkyTestHelpers\SparkyTestHelpers.csproj", "{356DDCC0-76F3-46B8-A6A6-7F8B48427991}"
EndProject
Project("{2150E333-8FDC-42A3-9474-1A3956D46DE8}") = "__Solution", "__Solution", "{A9BCC17C-36C9-4A29-8451-8555FC37DB0D}"
	ProjectSection(SolutionItems) = preProject
		.gitignore = .gitignore
		README.md = README.md
	EndProjectSection
EndProject
Project("{9A19103F-16F7-4668-BE54-9A1E7A4F7556}") = "SparkyTestHelpers.Scenarios.MsTest", "SparkyTestHelpers.Scenarios.MsTest\SparkyTestHelpers.Scenarios.MsTest.csproj", "{DDD231F3-CF38-4EF1-8710-A7DAAB3CA400}"
EndProject
Project("{9A19103F-16F7-4668-BE54-9A1E7A4F7556}") = "SparkyTestHelpers.Moq", "SparkyTestHelpers.Moq\SparkyTestHelpers.Moq.csproj", "{A89B4193-8FFD-4BD0-9FD7-2AB951BB305D}"
EndProject
Project("{9A19103F-16F7-4668-BE54-9A1E7A4F7556}") = "SparkyTestHelpers.UnitTests", "SparkyTestHelpers.UnitTests\SparkyTestHelpers.UnitTests.csproj", "{CC184A9B-49F7-451E-A097-E07A4CEA22D0}"
EndProject
Project("{9A19103F-16F7-4668-BE54-9A1E7A4F7556}") = "SparkyTestHelpers.Scenarios.MsTest.UnitTests", "SparkyTestHelpers.Scenarios.MsTest.UnitTests\SparkyTestHelpers.Scenarios.MsTest.UnitTests.csproj", "{4E36630E-BB1C-4863-8DF6-1B49872F9F21}"
EndProject
Project("{9A19103F-16F7-4668-BE54-9A1E7A4F7556}") = "SparkyTestHelpers.Moq.UnitTests", "SparkyTestHelpers.Moq.UnitTests\SparkyTestHelpers.Moq.UnitTests.csproj", "{F105705D-960C-48AB-921C-73045ED268EA}"
EndProject
Project("{9A19103F-16F7-4668-BE54-9A1E7A4F7556}") = "SparkyTestHelpers.Mapping", "SparkyTestHelpers.Mapping\SparkyTestHelpers.Mapping.csproj", "{F1C62BF6-633F-458F-B81A-F0E76DBC8455}"
EndProject
Project("{9A19103F-16F7-4668-BE54-9A1E7A4F7556}") = "SparkyTestHelpers.Mapping.UnitTests", "SparkyTestHelpers.Mapping.UnitTests\SparkyTestHelpers.Mapping.UnitTests.csproj", "{5AAFFC02-7B12-447E-AB66-5266080F40B4}"
EndProject
Project("{9A19103F-16F7-4668-BE54-9A1E7A4F7556}") = "SparkyTestHelpers.AutoMapper", "SparkyTestHelpers.AutoMapper\SparkyTestHelpers.AutoMapper.csproj", "{9320C947-AC5F-411F-9C2E-A012E23FD8FD}"
EndProject
Project("{9A19103F-16F7-4668-BE54-9A1E7A4F7556}") = "SparkyTestHelpers.AutoMapper.UnitTests", "SparkyTestHelpers.AutoMapper.UnitTests\SparkyTestHelpers.AutoMapper.UnitTests.csproj", "{4BD007DD-A8F0-471A-A25D-10EE51261C85}"
EndProject
Project("{2150E333-8FDC-42A3-9474-1A3956D46DE8}") = "_Core", "_Core", "{4532BD05-FEBB-40A8-AD95-C88D118EEEFC}"
EndProject
Project("{2150E333-8FDC-42A3-9474-1A3956D46DE8}") = "AutoMapper", "AutoMapper", "{CAA64C06-1C33-4DCE-8A2D-8D8441647E6A}"
EndProject
Project("{2150E333-8FDC-42A3-9474-1A3956D46DE8}") = "Mapping", "Mapping", "{A5FDDBDB-F0C1-4CCE-8395-ABDBF6AC0F11}"
EndProject
Project("{2150E333-8FDC-42A3-9474-1A3956D46DE8}") = "Moq", "Moq", "{60BC3242-2738-4382-A7C6-E07FFBE6C6E9}"
EndProject
Project("{2150E333-8FDC-42A3-9474-1A3956D46DE8}") = "MsTest", "MsTest", "{4A5C0070-D4C5-4A36-9905-F2750CD3C638}"
EndProject
Project("{2150E333-8FDC-42A3-9474-1A3956D46DE8}") = "Xml", "Xml", "{C48708FA-01DC-4227-8A1F-423318AF83DB}"
EndProject
Project("{9A19103F-16F7-4668-BE54-9A1E7A4F7556}") = "SparkyTestHelpers.AppSettings", "SparkyTestHelpers.AppSettings\SparkyTestHelpers.AppSettings.csproj", "{50FD3768-230E-4BBD-B1EC-71B1D8F38C19}"
EndProject
Project("{FAE04EC0-301F-11D3-BF4B-00C04F79EFBC}") = "SparkyTestHelpers.AppSettings.UnitTests", "SparkyTestHelpers.AppSettings.UnitTests\SparkyTestHelpers.AppSettings.UnitTests.csproj", "{6128D1EF-15B9-42D3-B0C9-4463D5A02B56}"
EndProject
Project("{FAE04EC0-301F-11D3-BF4B-00C04F79EFBC}") = "SparkyTestHelpers.Xml", "SparkyTestHelpers.Xml\SparkyTestHelpers.Xml.csproj", "{164B7B2E-2C94-4ED1-841F-9AF011C6535B}"
EndProject
Project("{FAE04EC0-301F-11D3-BF4B-00C04F79EFBC}") = "SparkyTestHelpers.Xml.UnitTests", "SparkyTestHelpers.Xml.UnitTests\SparkyTestHelpers.Xml.UnitTests.csproj", "{3771B0F8-2744-44A6-9ED3-A0FA441997BF}"
EndProject
Project("{2150E333-8FDC-42A3-9474-1A3956D46DE8}") = "AspNetMvc", "AspNetMvc", "{12E7FA17-1982-4C34-9FBA-2E71F51EE2CA}"
EndProject
Project("{9A19103F-16F7-4668-BE54-9A1E7A4F7556}") = "SparkyTestHelpers.DataAnnotations", "SparkyTestHelpers.DataAnnotations\SparkyTestHelpers.DataAnnotations.csproj", "{0B2326B5-07E5-45CA-BF1C-1A834E9A6BBC}"
EndProject
Project("{2150E333-8FDC-42A3-9474-1A3956D46DE8}") = "DataAnnotations", "DataAnnotations", "{08454337-D96C-41C1-AE6F-9097E08D2EC0}"
EndProject
Project("{FAE04EC0-301F-11D3-BF4B-00C04F79EFBC}") = "SparkyTestHelpers.DataAnnotations.UnitTests", "SparkyTestHelpers.DataAnnotations.UnitTests\SparkyTestHelpers.DataAnnotations.UnitTests.csproj", "{2C9689AB-1AD2-4E36-B4D4-D394C14C88D9}"
EndProject
Project("{9A19103F-16F7-4668-BE54-9A1E7A4F7556}") = "SparkyTestHelpers.AspNetMvc.Core", "SparkyTestHelpers.AspNetMvc.Core\SparkyTestHelpers.AspNetMvc.Core.csproj", "{69A948A0-A147-4595-A994-59FFC76403B2}"
EndProject
Project("{FAE04EC0-301F-11D3-BF4B-00C04F79EFBC}") = "SparkyTestHelpers.AspNetMvc.Core.UnitTests", "SparkyTestHelpers.AspNetMvc.Core.UnitTests\SparkyTestHelpers.AspNetMvc.Core.UnitTests.csproj", "{0E996CB6-CFBA-4A2F-9D43-8AB8C8997809}"
EndProject
Project("{FAE04EC0-301F-11D3-BF4B-00C04F79EFBC}") = "SparkyTestHelpers.AspNetMvc", "SparkyTestHelpers.AspNetMvc\SparkyTestHelpers.AspNetMvc.csproj", "{9E28282F-36F7-4E5F-A7E2-4EE5A3A6917D}"
EndProject
Project("{FAE04EC0-301F-11D3-BF4B-00C04F79EFBC}") = "SparkyTestHelpers.AspNetMvc.UnitTests", "SparkyTestHelpers.AspNetMvc.UnitTests\SparkyTestHelpers.AspNetMvc.UnitTests.csproj", "{8F4C4D21-316F-4AFA-82BE-96B084E46805}"
EndProject
Project("{2150E333-8FDC-42A3-9474-1A3956D46DE8}") = "Core", "Core", "{40AFD78B-85F3-48C9-A139-2E66281C999B}"
EndProject
Project("{2150E333-8FDC-42A3-9474-1A3956D46DE8}") = "Framework", "Framework", "{846A77DB-3898-4832-8B56-E3CBE9BAFF36}"
EndProject
Project("{9A19103F-16F7-4668-BE54-9A1E7A4F7556}") = "SparkyTestHelpers.Moq.Core", "SparkyTestHelpers.Moq.Core\SparkyTestHelpers.Moq.Core.csproj", "{488AAF39-5BE4-47C2-A10D-590BC6BCDDA8}"
EndProject
Project("{9A19103F-16F7-4668-BE54-9A1E7A4F7556}") = "SparkyTestHelpers.Moq.Core.UnitTests", "SparkyTestHelpers.Moq.Core.UnitTests\SparkyTestHelpers.Moq.Core.UnitTests.csproj", "{FB35C79D-35B0-43F5-B6B6-A315D3E5FF9E}"
EndProject
Project("{9A19103F-16F7-4668-BE54-9A1E7A4F7556}") = "SparkyTestHelpers.Moq.Fluent", "SparkyTestHelpers.Moq.Fluent\SparkyTestHelpers.Moq.Fluent.csproj", "{23FC45E8-B093-4D59-96A7-F0914A8556FE}"
EndProject
Project("{9A19103F-16F7-4668-BE54-9A1E7A4F7556}") = "SparkyTestHelpers.Moq.Fluent.UnitTests", "SparkyTestHelpers.Moq.Fluent.UnitTests\SparkyTestHelpers.Moq.Fluent.UnitTests.csproj", "{726054C6-4422-4A93-B5D5-475F9B9C8BFC}"
EndProject
Project("{2150E333-8FDC-42A3-9474-1A3956D46DE8}") = "Populater", "Populater", "{B4A8E1C0-095A-43D5-A9A3-496AD69F4C8C}"
EndProject
Project("{9A19103F-16F7-4668-BE54-9A1E7A4F7556}") = "SparkyTestHelpers.Populater.UnitTests", "SparkyTestHelpers.Populater.UnitTests\SparkyTestHelpers.Populater.UnitTests.csproj", "{DD07FBCB-002A-4B40-8018-74699297F363}"
EndProject
Project("{9A19103F-16F7-4668-BE54-9A1E7A4F7556}") = "SparkyTestHelpers.Populater", "SparkyTestHelpers.Populater\SparkyTestHelpers.Populater.csproj", "{39DB7342-E359-4D97-AEBD-0AC3D01361AB}"
EndProject
Project("{FAE04EC0-301F-11D3-BF4B-00C04F79EFBC}") = "MarkdownFixer", "MarkdownFixer\MarkdownFixer.csproj", "{0F6EC3BA-FCC2-4CF3-8F60-59F997100B80}"
EndProject
Project("{FAE04EC0-301F-11D3-BF4B-00C04F79EFBC}") = "SparkyTestHelpers.AutoMapperV1", "SparkyTestHelpers.AutoMapperV1\SparkyTestHelpers.AutoMapperV1.csproj", "{B5E79446-92B8-4A57-8DD7-B310B33C7E8C}"
EndProject
Project("{FAE04EC0-301F-11D3-BF4B-00C04F79EFBC}") = "SparkyTestHelpers.AutoMapperV1.UnitTests", "SparkyTestHelpers.AutoMapperV1.UnitTests\SparkyTestHelpers.AutoMapperV1.UnitTests.csproj", "{FF700319-C58C-4335-B2F4-8D016283B494}"
EndProject
Global
	GlobalSection(SolutionConfigurationPlatforms) = preSolution
		Debug|Any CPU = Debug|Any CPU
		Debug|x64 = Debug|x64
		Debug|x86 = Debug|x86
		Release|Any CPU = Release|Any CPU
		Release|x64 = Release|x64
		Release|x86 = Release|x86
	EndGlobalSection
	GlobalSection(ProjectConfigurationPlatforms) = postSolution
		{356DDCC0-76F3-46B8-A6A6-7F8B48427991}.Debug|Any CPU.ActiveCfg = Debug|Any CPU
		{356DDCC0-76F3-46B8-A6A6-7F8B48427991}.Debug|Any CPU.Build.0 = Debug|Any CPU
		{356DDCC0-76F3-46B8-A6A6-7F8B48427991}.Debug|x64.ActiveCfg = Debug|Any CPU
		{356DDCC0-76F3-46B8-A6A6-7F8B48427991}.Debug|x64.Build.0 = Debug|Any CPU
		{356DDCC0-76F3-46B8-A6A6-7F8B48427991}.Debug|x86.ActiveCfg = Debug|Any CPU
		{356DDCC0-76F3-46B8-A6A6-7F8B48427991}.Debug|x86.Build.0 = Debug|Any CPU
		{356DDCC0-76F3-46B8-A6A6-7F8B48427991}.Release|Any CPU.ActiveCfg = Release|Any CPU
		{356DDCC0-76F3-46B8-A6A6-7F8B48427991}.Release|Any CPU.Build.0 = Release|Any CPU
		{356DDCC0-76F3-46B8-A6A6-7F8B48427991}.Release|x64.ActiveCfg = Release|Any CPU
		{356DDCC0-76F3-46B8-A6A6-7F8B48427991}.Release|x64.Build.0 = Release|Any CPU
		{356DDCC0-76F3-46B8-A6A6-7F8B48427991}.Release|x86.ActiveCfg = Release|Any CPU
		{356DDCC0-76F3-46B8-A6A6-7F8B48427991}.Release|x86.Build.0 = Release|Any CPU
		{DDD231F3-CF38-4EF1-8710-A7DAAB3CA400}.Debug|Any CPU.ActiveCfg = Debug|Any CPU
		{DDD231F3-CF38-4EF1-8710-A7DAAB3CA400}.Debug|Any CPU.Build.0 = Debug|Any CPU
		{DDD231F3-CF38-4EF1-8710-A7DAAB3CA400}.Debug|x64.ActiveCfg = Debug|Any CPU
		{DDD231F3-CF38-4EF1-8710-A7DAAB3CA400}.Debug|x64.Build.0 = Debug|Any CPU
		{DDD231F3-CF38-4EF1-8710-A7DAAB3CA400}.Debug|x86.ActiveCfg = Debug|Any CPU
		{DDD231F3-CF38-4EF1-8710-A7DAAB3CA400}.Debug|x86.Build.0 = Debug|Any CPU
		{DDD231F3-CF38-4EF1-8710-A7DAAB3CA400}.Release|Any CPU.ActiveCfg = Release|Any CPU
		{DDD231F3-CF38-4EF1-8710-A7DAAB3CA400}.Release|Any CPU.Build.0 = Release|Any CPU
		{DDD231F3-CF38-4EF1-8710-A7DAAB3CA400}.Release|x64.ActiveCfg = Release|Any CPU
		{DDD231F3-CF38-4EF1-8710-A7DAAB3CA400}.Release|x64.Build.0 = Release|Any CPU
		{DDD231F3-CF38-4EF1-8710-A7DAAB3CA400}.Release|x86.ActiveCfg = Release|Any CPU
		{DDD231F3-CF38-4EF1-8710-A7DAAB3CA400}.Release|x86.Build.0 = Release|Any CPU
		{A89B4193-8FFD-4BD0-9FD7-2AB951BB305D}.Debug|Any CPU.ActiveCfg = Debug|Any CPU
		{A89B4193-8FFD-4BD0-9FD7-2AB951BB305D}.Debug|Any CPU.Build.0 = Debug|Any CPU
		{A89B4193-8FFD-4BD0-9FD7-2AB951BB305D}.Debug|x64.ActiveCfg = Debug|Any CPU
		{A89B4193-8FFD-4BD0-9FD7-2AB951BB305D}.Debug|x64.Build.0 = Debug|Any CPU
		{A89B4193-8FFD-4BD0-9FD7-2AB951BB305D}.Debug|x86.ActiveCfg = Debug|Any CPU
		{A89B4193-8FFD-4BD0-9FD7-2AB951BB305D}.Debug|x86.Build.0 = Debug|Any CPU
		{A89B4193-8FFD-4BD0-9FD7-2AB951BB305D}.Release|Any CPU.ActiveCfg = Release|Any CPU
		{A89B4193-8FFD-4BD0-9FD7-2AB951BB305D}.Release|Any CPU.Build.0 = Release|Any CPU
		{A89B4193-8FFD-4BD0-9FD7-2AB951BB305D}.Release|x64.ActiveCfg = Release|Any CPU
		{A89B4193-8FFD-4BD0-9FD7-2AB951BB305D}.Release|x64.Build.0 = Release|Any CPU
		{A89B4193-8FFD-4BD0-9FD7-2AB951BB305D}.Release|x86.ActiveCfg = Release|Any CPU
		{A89B4193-8FFD-4BD0-9FD7-2AB951BB305D}.Release|x86.Build.0 = Release|Any CPU
		{CC184A9B-49F7-451E-A097-E07A4CEA22D0}.Debug|Any CPU.ActiveCfg = Debug|Any CPU
		{CC184A9B-49F7-451E-A097-E07A4CEA22D0}.Debug|Any CPU.Build.0 = Debug|Any CPU
		{CC184A9B-49F7-451E-A097-E07A4CEA22D0}.Debug|x64.ActiveCfg = Debug|Any CPU
		{CC184A9B-49F7-451E-A097-E07A4CEA22D0}.Debug|x64.Build.0 = Debug|Any CPU
		{CC184A9B-49F7-451E-A097-E07A4CEA22D0}.Debug|x86.ActiveCfg = Debug|Any CPU
		{CC184A9B-49F7-451E-A097-E07A4CEA22D0}.Debug|x86.Build.0 = Debug|Any CPU
		{CC184A9B-49F7-451E-A097-E07A4CEA22D0}.Release|Any CPU.ActiveCfg = Release|Any CPU
		{CC184A9B-49F7-451E-A097-E07A4CEA22D0}.Release|Any CPU.Build.0 = Release|Any CPU
		{CC184A9B-49F7-451E-A097-E07A4CEA22D0}.Release|x64.ActiveCfg = Release|Any CPU
		{CC184A9B-49F7-451E-A097-E07A4CEA22D0}.Release|x64.Build.0 = Release|Any CPU
		{CC184A9B-49F7-451E-A097-E07A4CEA22D0}.Release|x86.ActiveCfg = Release|Any CPU
		{CC184A9B-49F7-451E-A097-E07A4CEA22D0}.Release|x86.Build.0 = Release|Any CPU
		{4E36630E-BB1C-4863-8DF6-1B49872F9F21}.Debug|Any CPU.ActiveCfg = Debug|Any CPU
		{4E36630E-BB1C-4863-8DF6-1B49872F9F21}.Debug|Any CPU.Build.0 = Debug|Any CPU
		{4E36630E-BB1C-4863-8DF6-1B49872F9F21}.Debug|x64.ActiveCfg = Debug|Any CPU
		{4E36630E-BB1C-4863-8DF6-1B49872F9F21}.Debug|x64.Build.0 = Debug|Any CPU
		{4E36630E-BB1C-4863-8DF6-1B49872F9F21}.Debug|x86.ActiveCfg = Debug|Any CPU
		{4E36630E-BB1C-4863-8DF6-1B49872F9F21}.Debug|x86.Build.0 = Debug|Any CPU
		{4E36630E-BB1C-4863-8DF6-1B49872F9F21}.Release|Any CPU.ActiveCfg = Release|Any CPU
		{4E36630E-BB1C-4863-8DF6-1B49872F9F21}.Release|Any CPU.Build.0 = Release|Any CPU
		{4E36630E-BB1C-4863-8DF6-1B49872F9F21}.Release|x64.ActiveCfg = Release|Any CPU
		{4E36630E-BB1C-4863-8DF6-1B49872F9F21}.Release|x64.Build.0 = Release|Any CPU
		{4E36630E-BB1C-4863-8DF6-1B49872F9F21}.Release|x86.ActiveCfg = Release|Any CPU
		{4E36630E-BB1C-4863-8DF6-1B49872F9F21}.Release|x86.Build.0 = Release|Any CPU
		{F105705D-960C-48AB-921C-73045ED268EA}.Debug|Any CPU.ActiveCfg = Debug|Any CPU
		{F105705D-960C-48AB-921C-73045ED268EA}.Debug|Any CPU.Build.0 = Debug|Any CPU
		{F105705D-960C-48AB-921C-73045ED268EA}.Debug|x64.ActiveCfg = Debug|Any CPU
		{F105705D-960C-48AB-921C-73045ED268EA}.Debug|x64.Build.0 = Debug|Any CPU
		{F105705D-960C-48AB-921C-73045ED268EA}.Debug|x86.ActiveCfg = Debug|Any CPU
		{F105705D-960C-48AB-921C-73045ED268EA}.Debug|x86.Build.0 = Debug|Any CPU
		{F105705D-960C-48AB-921C-73045ED268EA}.Release|Any CPU.ActiveCfg = Release|Any CPU
		{F105705D-960C-48AB-921C-73045ED268EA}.Release|Any CPU.Build.0 = Release|Any CPU
		{F105705D-960C-48AB-921C-73045ED268EA}.Release|x64.ActiveCfg = Release|Any CPU
		{F105705D-960C-48AB-921C-73045ED268EA}.Release|x64.Build.0 = Release|Any CPU
		{F105705D-960C-48AB-921C-73045ED268EA}.Release|x86.ActiveCfg = Release|Any CPU
		{F105705D-960C-48AB-921C-73045ED268EA}.Release|x86.Build.0 = Release|Any CPU
		{F1C62BF6-633F-458F-B81A-F0E76DBC8455}.Debug|Any CPU.ActiveCfg = Debug|Any CPU
		{F1C62BF6-633F-458F-B81A-F0E76DBC8455}.Debug|Any CPU.Build.0 = Debug|Any CPU
		{F1C62BF6-633F-458F-B81A-F0E76DBC8455}.Debug|x64.ActiveCfg = Debug|Any CPU
		{F1C62BF6-633F-458F-B81A-F0E76DBC8455}.Debug|x64.Build.0 = Debug|Any CPU
		{F1C62BF6-633F-458F-B81A-F0E76DBC8455}.Debug|x86.ActiveCfg = Debug|Any CPU
		{F1C62BF6-633F-458F-B81A-F0E76DBC8455}.Debug|x86.Build.0 = Debug|Any CPU
		{F1C62BF6-633F-458F-B81A-F0E76DBC8455}.Release|Any CPU.ActiveCfg = Release|Any CPU
		{F1C62BF6-633F-458F-B81A-F0E76DBC8455}.Release|Any CPU.Build.0 = Release|Any CPU
		{F1C62BF6-633F-458F-B81A-F0E76DBC8455}.Release|x64.ActiveCfg = Release|Any CPU
		{F1C62BF6-633F-458F-B81A-F0E76DBC8455}.Release|x64.Build.0 = Release|Any CPU
		{F1C62BF6-633F-458F-B81A-F0E76DBC8455}.Release|x86.ActiveCfg = Release|Any CPU
		{F1C62BF6-633F-458F-B81A-F0E76DBC8455}.Release|x86.Build.0 = Release|Any CPU
		{5AAFFC02-7B12-447E-AB66-5266080F40B4}.Debug|Any CPU.ActiveCfg = Debug|Any CPU
		{5AAFFC02-7B12-447E-AB66-5266080F40B4}.Debug|Any CPU.Build.0 = Debug|Any CPU
		{5AAFFC02-7B12-447E-AB66-5266080F40B4}.Debug|x64.ActiveCfg = Debug|Any CPU
		{5AAFFC02-7B12-447E-AB66-5266080F40B4}.Debug|x64.Build.0 = Debug|Any CPU
		{5AAFFC02-7B12-447E-AB66-5266080F40B4}.Debug|x86.ActiveCfg = Debug|Any CPU
		{5AAFFC02-7B12-447E-AB66-5266080F40B4}.Debug|x86.Build.0 = Debug|Any CPU
		{5AAFFC02-7B12-447E-AB66-5266080F40B4}.Release|Any CPU.ActiveCfg = Release|Any CPU
		{5AAFFC02-7B12-447E-AB66-5266080F40B4}.Release|Any CPU.Build.0 = Release|Any CPU
		{5AAFFC02-7B12-447E-AB66-5266080F40B4}.Release|x64.ActiveCfg = Release|Any CPU
		{5AAFFC02-7B12-447E-AB66-5266080F40B4}.Release|x64.Build.0 = Release|Any CPU
		{5AAFFC02-7B12-447E-AB66-5266080F40B4}.Release|x86.ActiveCfg = Release|Any CPU
		{5AAFFC02-7B12-447E-AB66-5266080F40B4}.Release|x86.Build.0 = Release|Any CPU
		{9320C947-AC5F-411F-9C2E-A012E23FD8FD}.Debug|Any CPU.ActiveCfg = Debug|Any CPU
		{9320C947-AC5F-411F-9C2E-A012E23FD8FD}.Debug|Any CPU.Build.0 = Debug|Any CPU
		{9320C947-AC5F-411F-9C2E-A012E23FD8FD}.Debug|x64.ActiveCfg = Debug|Any CPU
		{9320C947-AC5F-411F-9C2E-A012E23FD8FD}.Debug|x64.Build.0 = Debug|Any CPU
		{9320C947-AC5F-411F-9C2E-A012E23FD8FD}.Debug|x86.ActiveCfg = Debug|Any CPU
		{9320C947-AC5F-411F-9C2E-A012E23FD8FD}.Debug|x86.Build.0 = Debug|Any CPU
		{9320C947-AC5F-411F-9C2E-A012E23FD8FD}.Release|Any CPU.ActiveCfg = Release|Any CPU
		{9320C947-AC5F-411F-9C2E-A012E23FD8FD}.Release|Any CPU.Build.0 = Release|Any CPU
		{9320C947-AC5F-411F-9C2E-A012E23FD8FD}.Release|x64.ActiveCfg = Release|Any CPU
		{9320C947-AC5F-411F-9C2E-A012E23FD8FD}.Release|x64.Build.0 = Release|Any CPU
		{9320C947-AC5F-411F-9C2E-A012E23FD8FD}.Release|x86.ActiveCfg = Release|Any CPU
		{9320C947-AC5F-411F-9C2E-A012E23FD8FD}.Release|x86.Build.0 = Release|Any CPU
		{4BD007DD-A8F0-471A-A25D-10EE51261C85}.Debug|Any CPU.ActiveCfg = Debug|Any CPU
		{4BD007DD-A8F0-471A-A25D-10EE51261C85}.Debug|Any CPU.Build.0 = Debug|Any CPU
		{4BD007DD-A8F0-471A-A25D-10EE51261C85}.Debug|x64.ActiveCfg = Debug|Any CPU
		{4BD007DD-A8F0-471A-A25D-10EE51261C85}.Debug|x64.Build.0 = Debug|Any CPU
		{4BD007DD-A8F0-471A-A25D-10EE51261C85}.Debug|x86.ActiveCfg = Debug|Any CPU
		{4BD007DD-A8F0-471A-A25D-10EE51261C85}.Debug|x86.Build.0 = Debug|Any CPU
		{4BD007DD-A8F0-471A-A25D-10EE51261C85}.Release|Any CPU.ActiveCfg = Release|Any CPU
		{4BD007DD-A8F0-471A-A25D-10EE51261C85}.Release|Any CPU.Build.0 = Release|Any CPU
		{4BD007DD-A8F0-471A-A25D-10EE51261C85}.Release|x64.ActiveCfg = Release|Any CPU
		{4BD007DD-A8F0-471A-A25D-10EE51261C85}.Release|x64.Build.0 = Release|Any CPU
		{4BD007DD-A8F0-471A-A25D-10EE51261C85}.Release|x86.ActiveCfg = Release|Any CPU
		{4BD007DD-A8F0-471A-A25D-10EE51261C85}.Release|x86.Build.0 = Release|Any CPU
		{50FD3768-230E-4BBD-B1EC-71B1D8F38C19}.Debug|Any CPU.ActiveCfg = Debug|Any CPU
		{50FD3768-230E-4BBD-B1EC-71B1D8F38C19}.Debug|Any CPU.Build.0 = Debug|Any CPU
		{50FD3768-230E-4BBD-B1EC-71B1D8F38C19}.Debug|x64.ActiveCfg = Debug|Any CPU
		{50FD3768-230E-4BBD-B1EC-71B1D8F38C19}.Debug|x64.Build.0 = Debug|Any CPU
		{50FD3768-230E-4BBD-B1EC-71B1D8F38C19}.Debug|x86.ActiveCfg = Debug|Any CPU
		{50FD3768-230E-4BBD-B1EC-71B1D8F38C19}.Debug|x86.Build.0 = Debug|Any CPU
		{50FD3768-230E-4BBD-B1EC-71B1D8F38C19}.Release|Any CPU.ActiveCfg = Release|Any CPU
		{50FD3768-230E-4BBD-B1EC-71B1D8F38C19}.Release|Any CPU.Build.0 = Release|Any CPU
		{50FD3768-230E-4BBD-B1EC-71B1D8F38C19}.Release|x64.ActiveCfg = Release|Any CPU
		{50FD3768-230E-4BBD-B1EC-71B1D8F38C19}.Release|x64.Build.0 = Release|Any CPU
		{50FD3768-230E-4BBD-B1EC-71B1D8F38C19}.Release|x86.ActiveCfg = Release|Any CPU
		{50FD3768-230E-4BBD-B1EC-71B1D8F38C19}.Release|x86.Build.0 = Release|Any CPU
		{6128D1EF-15B9-42D3-B0C9-4463D5A02B56}.Debug|Any CPU.ActiveCfg = Debug|Any CPU
		{6128D1EF-15B9-42D3-B0C9-4463D5A02B56}.Debug|Any CPU.Build.0 = Debug|Any CPU
		{6128D1EF-15B9-42D3-B0C9-4463D5A02B56}.Debug|x64.ActiveCfg = Debug|Any CPU
		{6128D1EF-15B9-42D3-B0C9-4463D5A02B56}.Debug|x64.Build.0 = Debug|Any CPU
		{6128D1EF-15B9-42D3-B0C9-4463D5A02B56}.Debug|x86.ActiveCfg = Debug|Any CPU
		{6128D1EF-15B9-42D3-B0C9-4463D5A02B56}.Debug|x86.Build.0 = Debug|Any CPU
		{6128D1EF-15B9-42D3-B0C9-4463D5A02B56}.Release|Any CPU.ActiveCfg = Release|Any CPU
		{6128D1EF-15B9-42D3-B0C9-4463D5A02B56}.Release|Any CPU.Build.0 = Release|Any CPU
		{6128D1EF-15B9-42D3-B0C9-4463D5A02B56}.Release|x64.ActiveCfg = Release|Any CPU
		{6128D1EF-15B9-42D3-B0C9-4463D5A02B56}.Release|x64.Build.0 = Release|Any CPU
		{6128D1EF-15B9-42D3-B0C9-4463D5A02B56}.Release|x86.ActiveCfg = Release|Any CPU
		{6128D1EF-15B9-42D3-B0C9-4463D5A02B56}.Release|x86.Build.0 = Release|Any CPU
		{164B7B2E-2C94-4ED1-841F-9AF011C6535B}.Debug|Any CPU.ActiveCfg = Debug|Any CPU
		{164B7B2E-2C94-4ED1-841F-9AF011C6535B}.Debug|Any CPU.Build.0 = Debug|Any CPU
		{164B7B2E-2C94-4ED1-841F-9AF011C6535B}.Debug|x64.ActiveCfg = Debug|Any CPU
		{164B7B2E-2C94-4ED1-841F-9AF011C6535B}.Debug|x64.Build.0 = Debug|Any CPU
		{164B7B2E-2C94-4ED1-841F-9AF011C6535B}.Debug|x86.ActiveCfg = Debug|Any CPU
		{164B7B2E-2C94-4ED1-841F-9AF011C6535B}.Debug|x86.Build.0 = Debug|Any CPU
		{164B7B2E-2C94-4ED1-841F-9AF011C6535B}.Release|Any CPU.ActiveCfg = Release|Any CPU
		{164B7B2E-2C94-4ED1-841F-9AF011C6535B}.Release|Any CPU.Build.0 = Release|Any CPU
		{164B7B2E-2C94-4ED1-841F-9AF011C6535B}.Release|x64.ActiveCfg = Release|Any CPU
		{164B7B2E-2C94-4ED1-841F-9AF011C6535B}.Release|x64.Build.0 = Release|Any CPU
		{164B7B2E-2C94-4ED1-841F-9AF011C6535B}.Release|x86.ActiveCfg = Release|Any CPU
		{164B7B2E-2C94-4ED1-841F-9AF011C6535B}.Release|x86.Build.0 = Release|Any CPU
		{3771B0F8-2744-44A6-9ED3-A0FA441997BF}.Debug|Any CPU.ActiveCfg = Debug|Any CPU
		{3771B0F8-2744-44A6-9ED3-A0FA441997BF}.Debug|Any CPU.Build.0 = Debug|Any CPU
		{3771B0F8-2744-44A6-9ED3-A0FA441997BF}.Debug|x64.ActiveCfg = Debug|Any CPU
		{3771B0F8-2744-44A6-9ED3-A0FA441997BF}.Debug|x64.Build.0 = Debug|Any CPU
		{3771B0F8-2744-44A6-9ED3-A0FA441997BF}.Debug|x86.ActiveCfg = Debug|Any CPU
		{3771B0F8-2744-44A6-9ED3-A0FA441997BF}.Debug|x86.Build.0 = Debug|Any CPU
		{3771B0F8-2744-44A6-9ED3-A0FA441997BF}.Release|Any CPU.ActiveCfg = Release|Any CPU
		{3771B0F8-2744-44A6-9ED3-A0FA441997BF}.Release|Any CPU.Build.0 = Release|Any CPU
		{3771B0F8-2744-44A6-9ED3-A0FA441997BF}.Release|x64.ActiveCfg = Release|Any CPU
		{3771B0F8-2744-44A6-9ED3-A0FA441997BF}.Release|x64.Build.0 = Release|Any CPU
		{3771B0F8-2744-44A6-9ED3-A0FA441997BF}.Release|x86.ActiveCfg = Release|Any CPU
		{3771B0F8-2744-44A6-9ED3-A0FA441997BF}.Release|x86.Build.0 = Release|Any CPU
		{0B2326B5-07E5-45CA-BF1C-1A834E9A6BBC}.Debug|Any CPU.ActiveCfg = Debug|Any CPU
		{0B2326B5-07E5-45CA-BF1C-1A834E9A6BBC}.Debug|Any CPU.Build.0 = Debug|Any CPU
		{0B2326B5-07E5-45CA-BF1C-1A834E9A6BBC}.Debug|x64.ActiveCfg = Debug|Any CPU
		{0B2326B5-07E5-45CA-BF1C-1A834E9A6BBC}.Debug|x64.Build.0 = Debug|Any CPU
		{0B2326B5-07E5-45CA-BF1C-1A834E9A6BBC}.Debug|x86.ActiveCfg = Debug|Any CPU
		{0B2326B5-07E5-45CA-BF1C-1A834E9A6BBC}.Debug|x86.Build.0 = Debug|Any CPU
		{0B2326B5-07E5-45CA-BF1C-1A834E9A6BBC}.Release|Any CPU.ActiveCfg = Release|Any CPU
		{0B2326B5-07E5-45CA-BF1C-1A834E9A6BBC}.Release|Any CPU.Build.0 = Release|Any CPU
		{0B2326B5-07E5-45CA-BF1C-1A834E9A6BBC}.Release|x64.ActiveCfg = Release|Any CPU
		{0B2326B5-07E5-45CA-BF1C-1A834E9A6BBC}.Release|x64.Build.0 = Release|Any CPU
		{0B2326B5-07E5-45CA-BF1C-1A834E9A6BBC}.Release|x86.ActiveCfg = Release|Any CPU
		{0B2326B5-07E5-45CA-BF1C-1A834E9A6BBC}.Release|x86.Build.0 = Release|Any CPU
		{2C9689AB-1AD2-4E36-B4D4-D394C14C88D9}.Debug|Any CPU.ActiveCfg = Debug|Any CPU
		{2C9689AB-1AD2-4E36-B4D4-D394C14C88D9}.Debug|Any CPU.Build.0 = Debug|Any CPU
		{2C9689AB-1AD2-4E36-B4D4-D394C14C88D9}.Debug|x64.ActiveCfg = Debug|Any CPU
		{2C9689AB-1AD2-4E36-B4D4-D394C14C88D9}.Debug|x64.Build.0 = Debug|Any CPU
		{2C9689AB-1AD2-4E36-B4D4-D394C14C88D9}.Debug|x86.ActiveCfg = Debug|Any CPU
		{2C9689AB-1AD2-4E36-B4D4-D394C14C88D9}.Debug|x86.Build.0 = Debug|Any CPU
		{2C9689AB-1AD2-4E36-B4D4-D394C14C88D9}.Release|Any CPU.ActiveCfg = Release|Any CPU
		{2C9689AB-1AD2-4E36-B4D4-D394C14C88D9}.Release|Any CPU.Build.0 = Release|Any CPU
		{2C9689AB-1AD2-4E36-B4D4-D394C14C88D9}.Release|x64.ActiveCfg = Release|Any CPU
		{2C9689AB-1AD2-4E36-B4D4-D394C14C88D9}.Release|x64.Build.0 = Release|Any CPU
		{2C9689AB-1AD2-4E36-B4D4-D394C14C88D9}.Release|x86.ActiveCfg = Release|Any CPU
		{2C9689AB-1AD2-4E36-B4D4-D394C14C88D9}.Release|x86.Build.0 = Release|Any CPU
		{69A948A0-A147-4595-A994-59FFC76403B2}.Debug|Any CPU.ActiveCfg = Debug|Any CPU
		{69A948A0-A147-4595-A994-59FFC76403B2}.Debug|Any CPU.Build.0 = Debug|Any CPU
		{69A948A0-A147-4595-A994-59FFC76403B2}.Debug|x64.ActiveCfg = Debug|Any CPU
		{69A948A0-A147-4595-A994-59FFC76403B2}.Debug|x64.Build.0 = Debug|Any CPU
		{69A948A0-A147-4595-A994-59FFC76403B2}.Debug|x86.ActiveCfg = Debug|Any CPU
		{69A948A0-A147-4595-A994-59FFC76403B2}.Debug|x86.Build.0 = Debug|Any CPU
		{69A948A0-A147-4595-A994-59FFC76403B2}.Release|Any CPU.ActiveCfg = Release|Any CPU
		{69A948A0-A147-4595-A994-59FFC76403B2}.Release|Any CPU.Build.0 = Release|Any CPU
		{69A948A0-A147-4595-A994-59FFC76403B2}.Release|x64.ActiveCfg = Release|Any CPU
		{69A948A0-A147-4595-A994-59FFC76403B2}.Release|x64.Build.0 = Release|Any CPU
		{69A948A0-A147-4595-A994-59FFC76403B2}.Release|x86.ActiveCfg = Release|Any CPU
		{69A948A0-A147-4595-A994-59FFC76403B2}.Release|x86.Build.0 = Release|Any CPU
		{0E996CB6-CFBA-4A2F-9D43-8AB8C8997809}.Debug|Any CPU.ActiveCfg = Debug|Any CPU
		{0E996CB6-CFBA-4A2F-9D43-8AB8C8997809}.Debug|Any CPU.Build.0 = Debug|Any CPU
		{0E996CB6-CFBA-4A2F-9D43-8AB8C8997809}.Debug|x64.ActiveCfg = Debug|Any CPU
		{0E996CB6-CFBA-4A2F-9D43-8AB8C8997809}.Debug|x64.Build.0 = Debug|Any CPU
		{0E996CB6-CFBA-4A2F-9D43-8AB8C8997809}.Debug|x86.ActiveCfg = Debug|Any CPU
		{0E996CB6-CFBA-4A2F-9D43-8AB8C8997809}.Debug|x86.Build.0 = Debug|Any CPU
		{0E996CB6-CFBA-4A2F-9D43-8AB8C8997809}.Release|Any CPU.ActiveCfg = Release|Any CPU
		{0E996CB6-CFBA-4A2F-9D43-8AB8C8997809}.Release|Any CPU.Build.0 = Release|Any CPU
		{0E996CB6-CFBA-4A2F-9D43-8AB8C8997809}.Release|x64.ActiveCfg = Release|Any CPU
		{0E996CB6-CFBA-4A2F-9D43-8AB8C8997809}.Release|x64.Build.0 = Release|Any CPU
		{0E996CB6-CFBA-4A2F-9D43-8AB8C8997809}.Release|x86.ActiveCfg = Release|Any CPU
		{0E996CB6-CFBA-4A2F-9D43-8AB8C8997809}.Release|x86.Build.0 = Release|Any CPU
		{9E28282F-36F7-4E5F-A7E2-4EE5A3A6917D}.Debug|Any CPU.ActiveCfg = Debug|Any CPU
		{9E28282F-36F7-4E5F-A7E2-4EE5A3A6917D}.Debug|Any CPU.Build.0 = Debug|Any CPU
		{9E28282F-36F7-4E5F-A7E2-4EE5A3A6917D}.Debug|x64.ActiveCfg = Debug|Any CPU
		{9E28282F-36F7-4E5F-A7E2-4EE5A3A6917D}.Debug|x64.Build.0 = Debug|Any CPU
		{9E28282F-36F7-4E5F-A7E2-4EE5A3A6917D}.Debug|x86.ActiveCfg = Debug|Any CPU
		{9E28282F-36F7-4E5F-A7E2-4EE5A3A6917D}.Debug|x86.Build.0 = Debug|Any CPU
		{9E28282F-36F7-4E5F-A7E2-4EE5A3A6917D}.Release|Any CPU.ActiveCfg = Release|Any CPU
		{9E28282F-36F7-4E5F-A7E2-4EE5A3A6917D}.Release|Any CPU.Build.0 = Release|Any CPU
		{9E28282F-36F7-4E5F-A7E2-4EE5A3A6917D}.Release|x64.ActiveCfg = Release|Any CPU
		{9E28282F-36F7-4E5F-A7E2-4EE5A3A6917D}.Release|x64.Build.0 = Release|Any CPU
		{9E28282F-36F7-4E5F-A7E2-4EE5A3A6917D}.Release|x86.ActiveCfg = Release|Any CPU
		{9E28282F-36F7-4E5F-A7E2-4EE5A3A6917D}.Release|x86.Build.0 = Release|Any CPU
		{8F4C4D21-316F-4AFA-82BE-96B084E46805}.Debug|Any CPU.ActiveCfg = Debug|Any CPU
		{8F4C4D21-316F-4AFA-82BE-96B084E46805}.Debug|Any CPU.Build.0 = Debug|Any CPU
		{8F4C4D21-316F-4AFA-82BE-96B084E46805}.Debug|x64.ActiveCfg = Debug|Any CPU
		{8F4C4D21-316F-4AFA-82BE-96B084E46805}.Debug|x64.Build.0 = Debug|Any CPU
		{8F4C4D21-316F-4AFA-82BE-96B084E46805}.Debug|x86.ActiveCfg = Debug|Any CPU
		{8F4C4D21-316F-4AFA-82BE-96B084E46805}.Debug|x86.Build.0 = Debug|Any CPU
		{8F4C4D21-316F-4AFA-82BE-96B084E46805}.Release|Any CPU.ActiveCfg = Release|Any CPU
		{8F4C4D21-316F-4AFA-82BE-96B084E46805}.Release|Any CPU.Build.0 = Release|Any CPU
		{8F4C4D21-316F-4AFA-82BE-96B084E46805}.Release|x64.ActiveCfg = Release|Any CPU
		{8F4C4D21-316F-4AFA-82BE-96B084E46805}.Release|x64.Build.0 = Release|Any CPU
		{8F4C4D21-316F-4AFA-82BE-96B084E46805}.Release|x86.ActiveCfg = Release|Any CPU
		{8F4C4D21-316F-4AFA-82BE-96B084E46805}.Release|x86.Build.0 = Release|Any CPU
		{488AAF39-5BE4-47C2-A10D-590BC6BCDDA8}.Debug|Any CPU.ActiveCfg = Debug|Any CPU
		{488AAF39-5BE4-47C2-A10D-590BC6BCDDA8}.Debug|Any CPU.Build.0 = Debug|Any CPU
		{488AAF39-5BE4-47C2-A10D-590BC6BCDDA8}.Debug|x64.ActiveCfg = Debug|Any CPU
		{488AAF39-5BE4-47C2-A10D-590BC6BCDDA8}.Debug|x64.Build.0 = Debug|Any CPU
		{488AAF39-5BE4-47C2-A10D-590BC6BCDDA8}.Debug|x86.ActiveCfg = Debug|Any CPU
		{488AAF39-5BE4-47C2-A10D-590BC6BCDDA8}.Debug|x86.Build.0 = Debug|Any CPU
		{488AAF39-5BE4-47C2-A10D-590BC6BCDDA8}.Release|Any CPU.ActiveCfg = Release|Any CPU
		{488AAF39-5BE4-47C2-A10D-590BC6BCDDA8}.Release|Any CPU.Build.0 = Release|Any CPU
		{488AAF39-5BE4-47C2-A10D-590BC6BCDDA8}.Release|x64.ActiveCfg = Release|Any CPU
		{488AAF39-5BE4-47C2-A10D-590BC6BCDDA8}.Release|x64.Build.0 = Release|Any CPU
		{488AAF39-5BE4-47C2-A10D-590BC6BCDDA8}.Release|x86.ActiveCfg = Release|Any CPU
		{488AAF39-5BE4-47C2-A10D-590BC6BCDDA8}.Release|x86.Build.0 = Release|Any CPU
		{FB35C79D-35B0-43F5-B6B6-A315D3E5FF9E}.Debug|Any CPU.ActiveCfg = Debug|Any CPU
		{FB35C79D-35B0-43F5-B6B6-A315D3E5FF9E}.Debug|Any CPU.Build.0 = Debug|Any CPU
		{FB35C79D-35B0-43F5-B6B6-A315D3E5FF9E}.Debug|x64.ActiveCfg = Debug|Any CPU
		{FB35C79D-35B0-43F5-B6B6-A315D3E5FF9E}.Debug|x64.Build.0 = Debug|Any CPU
		{FB35C79D-35B0-43F5-B6B6-A315D3E5FF9E}.Debug|x86.ActiveCfg = Debug|Any CPU
		{FB35C79D-35B0-43F5-B6B6-A315D3E5FF9E}.Debug|x86.Build.0 = Debug|Any CPU
		{FB35C79D-35B0-43F5-B6B6-A315D3E5FF9E}.Release|Any CPU.ActiveCfg = Release|Any CPU
		{FB35C79D-35B0-43F5-B6B6-A315D3E5FF9E}.Release|Any CPU.Build.0 = Release|Any CPU
		{FB35C79D-35B0-43F5-B6B6-A315D3E5FF9E}.Release|x64.ActiveCfg = Release|Any CPU
		{FB35C79D-35B0-43F5-B6B6-A315D3E5FF9E}.Release|x64.Build.0 = Release|Any CPU
		{FB35C79D-35B0-43F5-B6B6-A315D3E5FF9E}.Release|x86.ActiveCfg = Release|Any CPU
		{FB35C79D-35B0-43F5-B6B6-A315D3E5FF9E}.Release|x86.Build.0 = Release|Any CPU
		{23FC45E8-B093-4D59-96A7-F0914A8556FE}.Debug|Any CPU.ActiveCfg = Debug|Any CPU
		{23FC45E8-B093-4D59-96A7-F0914A8556FE}.Debug|Any CPU.Build.0 = Debug|Any CPU
		{23FC45E8-B093-4D59-96A7-F0914A8556FE}.Debug|x64.ActiveCfg = Debug|Any CPU
		{23FC45E8-B093-4D59-96A7-F0914A8556FE}.Debug|x64.Build.0 = Debug|Any CPU
		{23FC45E8-B093-4D59-96A7-F0914A8556FE}.Debug|x86.ActiveCfg = Debug|Any CPU
		{23FC45E8-B093-4D59-96A7-F0914A8556FE}.Debug|x86.Build.0 = Debug|Any CPU
		{23FC45E8-B093-4D59-96A7-F0914A8556FE}.Release|Any CPU.ActiveCfg = Release|Any CPU
		{23FC45E8-B093-4D59-96A7-F0914A8556FE}.Release|Any CPU.Build.0 = Release|Any CPU
		{23FC45E8-B093-4D59-96A7-F0914A8556FE}.Release|x64.ActiveCfg = Release|Any CPU
		{23FC45E8-B093-4D59-96A7-F0914A8556FE}.Release|x64.Build.0 = Release|Any CPU
		{23FC45E8-B093-4D59-96A7-F0914A8556FE}.Release|x86.ActiveCfg = Release|Any CPU
		{23FC45E8-B093-4D59-96A7-F0914A8556FE}.Release|x86.Build.0 = Release|Any CPU
		{726054C6-4422-4A93-B5D5-475F9B9C8BFC}.Debug|Any CPU.ActiveCfg = Debug|Any CPU
		{726054C6-4422-4A93-B5D5-475F9B9C8BFC}.Debug|Any CPU.Build.0 = Debug|Any CPU
		{726054C6-4422-4A93-B5D5-475F9B9C8BFC}.Debug|x64.ActiveCfg = Debug|Any CPU
		{726054C6-4422-4A93-B5D5-475F9B9C8BFC}.Debug|x64.Build.0 = Debug|Any CPU
		{726054C6-4422-4A93-B5D5-475F9B9C8BFC}.Debug|x86.ActiveCfg = Debug|Any CPU
		{726054C6-4422-4A93-B5D5-475F9B9C8BFC}.Debug|x86.Build.0 = Debug|Any CPU
		{726054C6-4422-4A93-B5D5-475F9B9C8BFC}.Release|Any CPU.ActiveCfg = Release|Any CPU
		{726054C6-4422-4A93-B5D5-475F9B9C8BFC}.Release|Any CPU.Build.0 = Release|Any CPU
		{726054C6-4422-4A93-B5D5-475F9B9C8BFC}.Release|x64.ActiveCfg = Release|Any CPU
		{726054C6-4422-4A93-B5D5-475F9B9C8BFC}.Release|x64.Build.0 = Release|Any CPU
		{726054C6-4422-4A93-B5D5-475F9B9C8BFC}.Release|x86.ActiveCfg = Release|Any CPU
		{726054C6-4422-4A93-B5D5-475F9B9C8BFC}.Release|x86.Build.0 = Release|Any CPU
		{DD07FBCB-002A-4B40-8018-74699297F363}.Debug|Any CPU.ActiveCfg = Debug|Any CPU
		{DD07FBCB-002A-4B40-8018-74699297F363}.Debug|Any CPU.Build.0 = Debug|Any CPU
		{DD07FBCB-002A-4B40-8018-74699297F363}.Debug|x64.ActiveCfg = Debug|Any CPU
		{DD07FBCB-002A-4B40-8018-74699297F363}.Debug|x64.Build.0 = Debug|Any CPU
		{DD07FBCB-002A-4B40-8018-74699297F363}.Debug|x86.ActiveCfg = Debug|Any CPU
		{DD07FBCB-002A-4B40-8018-74699297F363}.Debug|x86.Build.0 = Debug|Any CPU
		{DD07FBCB-002A-4B40-8018-74699297F363}.Release|Any CPU.ActiveCfg = Release|Any CPU
		{DD07FBCB-002A-4B40-8018-74699297F363}.Release|Any CPU.Build.0 = Release|Any CPU
		{DD07FBCB-002A-4B40-8018-74699297F363}.Release|x64.ActiveCfg = Release|Any CPU
		{DD07FBCB-002A-4B40-8018-74699297F363}.Release|x64.Build.0 = Release|Any CPU
		{DD07FBCB-002A-4B40-8018-74699297F363}.Release|x86.ActiveCfg = Release|Any CPU
		{DD07FBCB-002A-4B40-8018-74699297F363}.Release|x86.Build.0 = Release|Any CPU
		{39DB7342-E359-4D97-AEBD-0AC3D01361AB}.Debug|Any CPU.ActiveCfg = Debug|Any CPU
		{39DB7342-E359-4D97-AEBD-0AC3D01361AB}.Debug|Any CPU.Build.0 = Debug|Any CPU
		{39DB7342-E359-4D97-AEBD-0AC3D01361AB}.Debug|x64.ActiveCfg = Debug|Any CPU
		{39DB7342-E359-4D97-AEBD-0AC3D01361AB}.Debug|x64.Build.0 = Debug|Any CPU
		{39DB7342-E359-4D97-AEBD-0AC3D01361AB}.Debug|x86.ActiveCfg = Debug|Any CPU
		{39DB7342-E359-4D97-AEBD-0AC3D01361AB}.Debug|x86.Build.0 = Debug|Any CPU
		{39DB7342-E359-4D97-AEBD-0AC3D01361AB}.Release|Any CPU.ActiveCfg = Release|Any CPU
		{39DB7342-E359-4D97-AEBD-0AC3D01361AB}.Release|Any CPU.Build.0 = Release|Any CPU
		{39DB7342-E359-4D97-AEBD-0AC3D01361AB}.Release|x64.ActiveCfg = Release|Any CPU
		{39DB7342-E359-4D97-AEBD-0AC3D01361AB}.Release|x64.Build.0 = Release|Any CPU
		{39DB7342-E359-4D97-AEBD-0AC3D01361AB}.Release|x86.ActiveCfg = Release|Any CPU
		{39DB7342-E359-4D97-AEBD-0AC3D01361AB}.Release|x86.Build.0 = Release|Any CPU
		{0F6EC3BA-FCC2-4CF3-8F60-59F997100B80}.Debug|Any CPU.ActiveCfg = Debug|Any CPU
		{0F6EC3BA-FCC2-4CF3-8F60-59F997100B80}.Debug|Any CPU.Build.0 = Debug|Any CPU
		{0F6EC3BA-FCC2-4CF3-8F60-59F997100B80}.Debug|x64.ActiveCfg = Debug|Any CPU
		{0F6EC3BA-FCC2-4CF3-8F60-59F997100B80}.Debug|x64.Build.0 = Debug|Any CPU
		{0F6EC3BA-FCC2-4CF3-8F60-59F997100B80}.Debug|x86.ActiveCfg = Debug|Any CPU
		{0F6EC3BA-FCC2-4CF3-8F60-59F997100B80}.Debug|x86.Build.0 = Debug|Any CPU
		{0F6EC3BA-FCC2-4CF3-8F60-59F997100B80}.Release|Any CPU.ActiveCfg = Release|Any CPU
		{0F6EC3BA-FCC2-4CF3-8F60-59F997100B80}.Release|Any CPU.Build.0 = Release|Any CPU
		{0F6EC3BA-FCC2-4CF3-8F60-59F997100B80}.Release|x64.ActiveCfg = Release|Any CPU
		{0F6EC3BA-FCC2-4CF3-8F60-59F997100B80}.Release|x64.Build.0 = Release|Any CPU
		{0F6EC3BA-FCC2-4CF3-8F60-59F997100B80}.Release|x86.ActiveCfg = Release|Any CPU
		{0F6EC3BA-FCC2-4CF3-8F60-59F997100B80}.Release|x86.Build.0 = Release|Any CPU
		{B5E79446-92B8-4A57-8DD7-B310B33C7E8C}.Debug|Any CPU.ActiveCfg = Debug|Any CPU
		{B5E79446-92B8-4A57-8DD7-B310B33C7E8C}.Debug|Any CPU.Build.0 = Debug|Any CPU
		{B5E79446-92B8-4A57-8DD7-B310B33C7E8C}.Debug|x64.ActiveCfg = Debug|Any CPU
		{B5E79446-92B8-4A57-8DD7-B310B33C7E8C}.Debug|x64.Build.0 = Debug|Any CPU
		{B5E79446-92B8-4A57-8DD7-B310B33C7E8C}.Debug|x86.ActiveCfg = Debug|Any CPU
		{B5E79446-92B8-4A57-8DD7-B310B33C7E8C}.Debug|x86.Build.0 = Debug|Any CPU
		{B5E79446-92B8-4A57-8DD7-B310B33C7E8C}.Release|Any CPU.ActiveCfg = Release|Any CPU
		{B5E79446-92B8-4A57-8DD7-B310B33C7E8C}.Release|Any CPU.Build.0 = Release|Any CPU
		{B5E79446-92B8-4A57-8DD7-B310B33C7E8C}.Release|x64.ActiveCfg = Release|Any CPU
		{B5E79446-92B8-4A57-8DD7-B310B33C7E8C}.Release|x64.Build.0 = Release|Any CPU
		{B5E79446-92B8-4A57-8DD7-B310B33C7E8C}.Release|x86.ActiveCfg = Release|Any CPU
		{B5E79446-92B8-4A57-8DD7-B310B33C7E8C}.Release|x86.Build.0 = Release|Any CPU
		{FF700319-C58C-4335-B2F4-8D016283B494}.Debug|Any CPU.ActiveCfg = Debug|Any CPU
		{FF700319-C58C-4335-B2F4-8D016283B494}.Debug|Any CPU.Build.0 = Debug|Any CPU
		{FF700319-C58C-4335-B2F4-8D016283B494}.Debug|x64.ActiveCfg = Debug|Any CPU
		{FF700319-C58C-4335-B2F4-8D016283B494}.Debug|x64.Build.0 = Debug|Any CPU
		{FF700319-C58C-4335-B2F4-8D016283B494}.Debug|x86.ActiveCfg = Debug|Any CPU
		{FF700319-C58C-4335-B2F4-8D016283B494}.Debug|x86.Build.0 = Debug|Any CPU
		{FF700319-C58C-4335-B2F4-8D016283B494}.Release|Any CPU.ActiveCfg = Release|Any CPU
		{FF700319-C58C-4335-B2F4-8D016283B494}.Release|Any CPU.Build.0 = Release|Any CPU
		{FF700319-C58C-4335-B2F4-8D016283B494}.Release|x64.ActiveCfg = Release|Any CPU
		{FF700319-C58C-4335-B2F4-8D016283B494}.Release|x64.Build.0 = Release|Any CPU
		{FF700319-C58C-4335-B2F4-8D016283B494}.Release|x86.ActiveCfg = Release|Any CPU
		{FF700319-C58C-4335-B2F4-8D016283B494}.Release|x86.Build.0 = Release|Any CPU
	EndGlobalSection
	GlobalSection(SolutionProperties) = preSolution
		HideSolutionNode = FALSE
	EndGlobalSection
	GlobalSection(NestedProjects) = preSolution
		{356DDCC0-76F3-46B8-A6A6-7F8B48427991} = {4532BD05-FEBB-40A8-AD95-C88D118EEEFC}
		{DDD231F3-CF38-4EF1-8710-A7DAAB3CA400} = {4A5C0070-D4C5-4A36-9905-F2750CD3C638}
		{A89B4193-8FFD-4BD0-9FD7-2AB951BB305D} = {60BC3242-2738-4382-A7C6-E07FFBE6C6E9}
		{CC184A9B-49F7-451E-A097-E07A4CEA22D0} = {4532BD05-FEBB-40A8-AD95-C88D118EEEFC}
		{4E36630E-BB1C-4863-8DF6-1B49872F9F21} = {4A5C0070-D4C5-4A36-9905-F2750CD3C638}
		{F105705D-960C-48AB-921C-73045ED268EA} = {60BC3242-2738-4382-A7C6-E07FFBE6C6E9}
		{F1C62BF6-633F-458F-B81A-F0E76DBC8455} = {A5FDDBDB-F0C1-4CCE-8395-ABDBF6AC0F11}
		{5AAFFC02-7B12-447E-AB66-5266080F40B4} = {A5FDDBDB-F0C1-4CCE-8395-ABDBF6AC0F11}
		{9320C947-AC5F-411F-9C2E-A012E23FD8FD} = {CAA64C06-1C33-4DCE-8A2D-8D8441647E6A}
		{4BD007DD-A8F0-471A-A25D-10EE51261C85} = {CAA64C06-1C33-4DCE-8A2D-8D8441647E6A}
		{50FD3768-230E-4BBD-B1EC-71B1D8F38C19} = {C48708FA-01DC-4227-8A1F-423318AF83DB}
		{6128D1EF-15B9-42D3-B0C9-4463D5A02B56} = {C48708FA-01DC-4227-8A1F-423318AF83DB}
		{164B7B2E-2C94-4ED1-841F-9AF011C6535B} = {C48708FA-01DC-4227-8A1F-423318AF83DB}
		{3771B0F8-2744-44A6-9ED3-A0FA441997BF} = {C48708FA-01DC-4227-8A1F-423318AF83DB}
		{0B2326B5-07E5-45CA-BF1C-1A834E9A6BBC} = {08454337-D96C-41C1-AE6F-9097E08D2EC0}
		{2C9689AB-1AD2-4E36-B4D4-D394C14C88D9} = {08454337-D96C-41C1-AE6F-9097E08D2EC0}
		{69A948A0-A147-4595-A994-59FFC76403B2} = {40AFD78B-85F3-48C9-A139-2E66281C999B}
		{0E996CB6-CFBA-4A2F-9D43-8AB8C8997809} = {40AFD78B-85F3-48C9-A139-2E66281C999B}
		{9E28282F-36F7-4E5F-A7E2-4EE5A3A6917D} = {846A77DB-3898-4832-8B56-E3CBE9BAFF36}
		{8F4C4D21-316F-4AFA-82BE-96B084E46805} = {846A77DB-3898-4832-8B56-E3CBE9BAFF36}
		{40AFD78B-85F3-48C9-A139-2E66281C999B} = {12E7FA17-1982-4C34-9FBA-2E71F51EE2CA}
		{846A77DB-3898-4832-8B56-E3CBE9BAFF36} = {12E7FA17-1982-4C34-9FBA-2E71F51EE2CA}
		{488AAF39-5BE4-47C2-A10D-590BC6BCDDA8} = {60BC3242-2738-4382-A7C6-E07FFBE6C6E9}
		{FB35C79D-35B0-43F5-B6B6-A315D3E5FF9E} = {60BC3242-2738-4382-A7C6-E07FFBE6C6E9}
		{23FC45E8-B093-4D59-96A7-F0914A8556FE} = {60BC3242-2738-4382-A7C6-E07FFBE6C6E9}
		{726054C6-4422-4A93-B5D5-475F9B9C8BFC} = {60BC3242-2738-4382-A7C6-E07FFBE6C6E9}
		{DD07FBCB-002A-4B40-8018-74699297F363} = {B4A8E1C0-095A-43D5-A9A3-496AD69F4C8C}
		{39DB7342-E359-4D97-AEBD-0AC3D01361AB} = {B4A8E1C0-095A-43D5-A9A3-496AD69F4C8C}
		{0F6EC3BA-FCC2-4CF3-8F60-59F997100B80} = {A9BCC17C-36C9-4A29-8451-8555FC37DB0D}
		{B5E79446-92B8-4A57-8DD7-B310B33C7E8C} = {CAA64C06-1C33-4DCE-8A2D-8D8441647E6A}
		{FF700319-C58C-4335-B2F4-8D016283B494} = {CAA64C06-1C33-4DCE-8A2D-8D8441647E6A}
	EndGlobalSection
	GlobalSection(ExtensibilityGlobals) = postSolution
		SolutionGuid = {D0560742-8789-4773-9519-594B291E1AB9}
	EndGlobalSection
EndGlobal
